<?xml version="1.0" encoding="utf-8"?>
<Project ToolsVersion="4.0" xmlns="http://schemas.microsoft.com/developer/msbuild/2003">
  <ItemGroup>
    <Filter Include="system">
      <UniqueIdentifier>{22dd8095-74f9-46df-81a1-36675a040b1f}</UniqueIdentifier>
    </Filter>
    <Filter Include="Enemy">
      <UniqueIdentifier>{64433bd5-acdf-4995-965f-388b4aaa1f58}</UniqueIdentifier>
    </Filter>
    <Filter Include="LeftWindow">
      <UniqueIdentifier>{2466c311-7a7b-4871-b510-5d3a77fc9793}</UniqueIdentifier>
    </Filter>
    <Filter Include="Energy">
      <UniqueIdentifier>{7b32a182-2da2-464e-90c2-1c9502c22030}</UniqueIdentifier>
    </Filter>
    <Filter Include="Turret">
      <UniqueIdentifier>{5166ca1d-efa3-49a6-963f-666fb4580a8d}</UniqueIdentifier>
    </Filter>
    <Filter Include="Game">
      <UniqueIdentifier>{1612c0d8-60dc-4926-8e4c-31645f48db69}</UniqueIdentifier>
    </Filter>
    <Filter Include="Etc">
      <UniqueIdentifier>{b6d834c7-7669-44c7-a44c-1521daab88ef}</UniqueIdentifier>
    </Filter>
  </ItemGroup>
  <ItemGroup>
    <ClCompile Include="system\system.cpp">
      <Filter>system</Filter>
    </ClCompile>
    <ClCompile Include="DualGunTurret.cpp">
      <Filter>Turret</Filter>
    </ClCompile>
    <ClCompile Include="UFO.cpp">
      <Filter>Enemy</Filter>
    </ClCompile>
    <ClCompile Include="LeftWindow.cpp">
      <Filter>LeftWindow</Filter>
    </ClCompile>
    <ClCompile Include="LaserTurret.cpp">
      <Filter>Turret</Filter>
    </ClCompile>
    <ClCompile Include="TurretManager.cpp">
      <Filter>Turret</Filter>
    </ClCompile>
    <ClCompile Include="RocketTurret.cpp">
      <Filter>Turret</Filter>
    </ClCompile>
    <ClCompile Include="LeftWindowDelete.cpp">
      <Filter>LeftWindow</Filter>
    </ClCompile>
    <ClCompile Include="SpawnManager.cpp">
      <Filter>Enemy</Filter>
    </ClCompile>
    <ClCompile Include="EnemyObject.cpp">
      <Filter>Enemy</Filter>
    </ClCompile>
    <ClCompile Include="Energy.cpp">
      <Filter>Energy</Filter>
    </ClCompile>
    <ClCompile Include="Game.cpp">
      <Filter>Game</Filter>
    </ClCompile>
    <ClCompile Include="GameCamera.cpp">
      <Filter>Game</Filter>
    </ClCompile>
    <ClCompile Include="GameOver.cpp">
      <Filter>Game</Filter>
    </ClCompile>
    <ClCompile Include="Player.cpp">
      <Filter>Game</Filter>
    </ClCompile>
    <ClCompile Include="Stage.cpp">
      <Filter>Game</Filter>
    </ClCompile>
    <ClCompile Include="main.cpp">
      <Filter>Etc</Filter>
    </ClCompile>
    <ClCompile Include="stdafx.cpp">
      <Filter>Etc</Filter>
    </ClCompile>
    <ClCompile Include="GenerationTurret.cpp">
      <Filter>Turret</Filter>
    </ClCompile>
    <ClCompile Include="TurretObject.cpp">
      <Filter>Turret</Filter>
    </ClCompile>
    <ClCompile Include="Dempa.cpp">
      <Filter>Enemy</Filter>
    </ClCompile>
    <ClCompile Include="Title.cpp">
      <Filter>Game</Filter>
    </ClCompile>
    <ClCompile Include="BuffTurret.cpp">
      <Filter>Turret</Filter>
    </ClCompile>
  </ItemGroup>
  <ItemGroup>
    <ClInclude Include="system\system.h">
      <Filter>system</Filter>
    </ClInclude>
    <ClInclude Include="DualGunTurret.h">
      <Filter>Turret</Filter>
    </ClInclude>
    <ClInclude Include="UFO.h">
      <Filter>Enemy</Filter>
    </ClInclude>
    <ClInclude Include="LeftWindow.h">
      <Filter>LeftWindow</Filter>
    </ClInclude>
    <ClInclude Include="LaserTurret.h">
      <Filter>Turret</Filter>
    </ClInclude>
    <ClInclude Include="TurretManager.h">
      <Filter>Turret</Filter>
    </ClInclude>
    <ClInclude Include="RocketTurret.h">
      <Filter>Turret</Filter>
    </ClInclude>
    <ClInclude Include="LeftWindowDelete.h">
      <Filter>LeftWindow</Filter>
    </ClInclude>
    <ClInclude Include="SpawnManager.h">
      <Filter>Enemy</Filter>
    </ClInclude>
    <ClInclude Include="EnemyObject.h">
      <Filter>Enemy</Filter>
    </ClInclude>
    <ClInclude Include="Energy.h">
      <Filter>Energy</Filter>
    </ClInclude>
    <ClInclude Include="Game.h">
      <Filter>Game</Filter>
    </ClInclude>
    <ClInclude Include="GameCamera.h">
      <Filter>Game</Filter>
    </ClInclude>
    <ClInclude Include="GameOver.h">
      <Filter>Game</Filter>
    </ClInclude>
    <ClInclude Include="Player.h">
      <Filter>Game</Filter>
    </ClInclude>
    <ClInclude Include="Stage.h">
      <Filter>Game</Filter>
    </ClInclude>
    <ClInclude Include="stdafx.h">
      <Filter>Etc</Filter>
    </ClInclude>
    <ClInclude Include="GenerationTurret.h">
      <Filter>Turret</Filter>
    </ClInclude>
    <ClInclude Include="TurretObject.h">
      <Filter>Turret</Filter>
    </ClInclude>
    <ClInclude Include="Dempa.h">
      <Filter>Enemy</Filter>
    </ClInclude>
    <ClInclude Include="Title.h">
      <Filter>Game</Filter>
    </ClInclude>
    <ClInclude Include="BuffTurret.h">
      <Filter>Turret</Filter>
    </ClInclude>
  </ItemGroup>
</Project>