<?xml version="1.0" encoding="utf-8"?>
<Project ToolsVersion="4.0" xmlns="http://schemas.microsoft.com/developer/msbuild/2003">
  <ItemGroup>
    <Filter Include="system">
      <UniqueIdentifier>{22dd8095-74f9-46df-81a1-36675a040b1f}</UniqueIdentifier>
    </Filter>
    <Filter Include="Turrets">
      <UniqueIdentifier>{5166ca1d-efa3-49a6-963f-666fb4580a8d}</UniqueIdentifier>
    </Filter>
    <Filter Include="Enemy">
      <UniqueIdentifier>{64433bd5-acdf-4995-965f-388b4aaa1f58}</UniqueIdentifier>
    </Filter>
    <Filter Include="UI">
      <UniqueIdentifier>{2466c311-7a7b-4871-b510-5d3a77fc9793}</UniqueIdentifier>
    </Filter>
  </ItemGroup>
  <ItemGroup>
    <ClCompile Include="stdafx.cpp" />
    <ClCompile Include="main.cpp" />
    <ClCompile Include="system\system.cpp">
      <Filter>system</Filter>
    </ClCompile>
    <ClCompile Include="Game.cpp" />
    <ClCompile Include="GameCamera.cpp" />
    <ClCompile Include="DualGunTurret.cpp">
      <Filter>Turrets</Filter>
    </ClCompile>
    <ClCompile Include="UFO.cpp">
      <Filter>Enemy</Filter>
    </ClCompile>
    <ClCompile Include="Player.cpp" />
    <ClCompile Include="Stage.cpp" />
    <ClCompile Include="LeftWindow.cpp">
      <Filter>UI</Filter>
    </ClCompile>
    <ClCompile Include="LaserTurret.cpp">
      <Filter>Turrets</Filter>
    </ClCompile>
    <ClCompile Include="TurretManager.cpp">
      <Filter>Turrets</Filter>
    </ClCompile>
    <ClCompile Include="RocketTurret.cpp">
      <Filter>Turrets</Filter>
    </ClCompile>
    <ClCompile Include="LeftWindow_Delete.cpp">
      <Filter>UI</Filter>
    </ClCompile>
    <ClCompile Include="SpawnManager.cpp">
      <Filter>Enemy</Filter>
    </ClCompile>
    <ClCompile Include="EnemyObject.cpp">
      <Filter>Enemy</Filter>
    </ClCompile>
  </ItemGroup>
  <ItemGroup>
    <ClInclude Include="stdafx.h" />
    <ClInclude Include="system\system.h">
      <Filter>system</Filter>
    </ClInclude>
    <ClInclude Include="Game.h" />
    <ClInclude Include="GameCamera.h" />
    <ClInclude Include="DualGunTurret.h">
      <Filter>Turrets</Filter>
    </ClInclude>
    <ClInclude Include="UFO.h">
      <Filter>Enemy</Filter>
    </ClInclude>
    <ClInclude Include="Player.h" />
    <ClInclude Include="Stage.h" />
    <ClInclude Include="LeftWindow.h">
      <Filter>UI</Filter>
    </ClInclude>
    <ClInclude Include="LaserTurret.h">
      <Filter>Turrets</Filter>
    </ClInclude>
    <ClInclude Include="TurretManager.h">
      <Filter>Turrets</Filter>
    </ClInclude>
    <ClInclude Include="RocketTurret.h">
      <Filter>Turrets</Filter>
    </ClInclude>
    <ClInclude Include="LeftWindow_Delete.h">
      <Filter>UI</Filter>
    </ClInclude>
    <ClInclude Include="SpawnManager.h">
      <Filter>Enemy</Filter>
    </ClInclude>
    <ClInclude Include="EnemyObject.h">
      <Filter>Enemy</Filter>
    </ClInclude>
  </ItemGroup>
</Project>